
Microsoft Visual Studio Solution File, Format Version 12.00
# Visual Studio 15
Project("{FAE04EC0-301F-11D3-BF4B-00C04F79EFBC}") = "Assembly-CSharp", "Assembly-CSharp.csproj", "{A90020CB-320A-297C-22B0-80FBD88809F1}"
EndProject
Project("{FAE04EC0-301F-11D3-BF4B-00C04F79EFBC}") = "Assembly-CSharp-Editor", "Assembly-CSharp-Editor.csproj", "{D68252BF-600C-81C6-A830-98F03FD9BA6D}"
EndProject
Global
	GlobalSection(SolutionConfigurationPlatforms) = preSolution
		Debug|Any CPU = Debug|Any CPU
		Release|Any CPU = Release|Any CPU
	EndGlobalSection
	GlobalSection(ProjectConfigurationPlatforms) = postSolution
		{A90020CB-320A-297C-22B0-80FBD88809F1}.Debug|Any CPU.ActiveCfg = Debug|Any CPU
		{A90020CB-320A-297C-22B0-80FBD88809F1}.Debug|Any CPU.Build.0 = Debug|Any CPU
		{A90020CB-320A-297C-22B0-80FBD88809F1}.Release|Any CPU.ActiveCfg = Release|Any CPU
		{A90020CB-320A-297C-22B0-80FBD88809F1}.Release|Any CPU.Build.0 = Release|Any CPU
		{D68252BF-600C-81C6-A830-98F03FD9BA6D}.Debug|Any CPU.ActiveCfg = Debug|Any CPU
		{D68252BF-600C-81C6-A830-98F03FD9BA6D}.Debug|Any CPU.Build.0 = Debug|Any CPU
		{D68252BF-600C-81C6-A830-98F03FD9BA6D}.Release|Any CPU.ActiveCfg = Release|Any CPU
		{D68252BF-600C-81C6-A830-98F03FD9BA6D}.Release|Any CPU.Build.0 = Release|Any CPU
	EndGlobalSection
	GlobalSection(SolutionProperties) = preSolution
		HideSolutionNode = FALSE
	EndGlobalSection
EndGlobal
