
Microsoft Visual Studio Solution File, Format Version 12.00
# Visual Studio 15
Project("{FAE04EC0-301F-11D3-BF4B-00C04F79EFBC}") = "Assembly-CSharp", "Assembly-CSharp.csproj", "{494544E4-1A0A-8925-A7A6-37394E14DBA2}"
EndProject
Project("{FAE04EC0-301F-11D3-BF4B-00C04F79EFBC}") = "Assembly-CSharp-Editor", "Assembly-CSharp-Editor.csproj", "{D73ACD2A-5A32-D134-C378-59AB9F2923E4}"
EndProject
Global
	GlobalSection(SolutionConfigurationPlatforms) = preSolution
		Debug|Any CPU = Debug|Any CPU
		Release|Any CPU = Release|Any CPU
	EndGlobalSection
	GlobalSection(ProjectConfigurationPlatforms) = postSolution
		{494544E4-1A0A-8925-A7A6-37394E14DBA2}.Debug|Any CPU.ActiveCfg = Debug|Any CPU
		{494544E4-1A0A-8925-A7A6-37394E14DBA2}.Debug|Any CPU.Build.0 = Debug|Any CPU
		{494544E4-1A0A-8925-A7A6-37394E14DBA2}.Release|Any CPU.ActiveCfg = Release|Any CPU
		{494544E4-1A0A-8925-A7A6-37394E14DBA2}.Release|Any CPU.Build.0 = Release|Any CPU
		{D73ACD2A-5A32-D134-C378-59AB9F2923E4}.Debug|Any CPU.ActiveCfg = Debug|Any CPU
		{D73ACD2A-5A32-D134-C378-59AB9F2923E4}.Debug|Any CPU.Build.0 = Debug|Any CPU
		{D73ACD2A-5A32-D134-C378-59AB9F2923E4}.Release|Any CPU.ActiveCfg = Release|Any CPU
		{D73ACD2A-5A32-D134-C378-59AB9F2923E4}.Release|Any CPU.Build.0 = Release|Any CPU
	EndGlobalSection
	GlobalSection(SolutionProperties) = preSolution
		HideSolutionNode = FALSE
	EndGlobalSection
EndGlobal
